
Microsoft Visual Studio Solution File, Format Version 12.00
# Visual Studio Version 16
VisualStudioVersion = 16.0.31005.135
MinimumVisualStudioVersion = 10.0.40219.1
Project("{FAE04EC0-301F-11D3-BF4B-00C04F79EFBC}") = "EZYCARE", "EZYCARE\EZYCARE.csproj", "{558524B1-420D-4350-88E2-FC6819C9F98C}"
EndProject
Global
	GlobalSection(SolutionConfigurationPlatforms) = preSolution
		Debug|Any CPU = Debug|Any CPU
		Release|Any CPU = Release|Any CPU
	EndGlobalSection
	GlobalSection(ProjectConfigurationPlatforms) = postSolution
		{558524B1-420D-4350-88E2-FC6819C9F98C}.Debug|Any CPU.ActiveCfg = Debug|Any CPU
		{558524B1-420D-4350-88E2-FC6819C9F98C}.Debug|Any CPU.Build.0 = Debug|Any CPU
		{558524B1-420D-4350-88E2-FC6819C9F98C}.Release|Any CPU.ActiveCfg = Release|Any CPU
		{558524B1-420D-4350-88E2-FC6819C9F98C}.Release|Any CPU.Build.0 = Release|Any CPU
	EndGlobalSection
	GlobalSection(SolutionProperties) = preSolution
		HideSolutionNode = FALSE
	EndGlobalSection
	GlobalSection(ExtensibilityGlobals) = postSolution
		SolutionGuid = {61F96840-FAFD-4BFE-8CF2-620C5909BA4F}
	EndGlobalSection
EndGlobal
